{
  "originHash" : "edee5208fd5dcb2f692b429b1551dd01d9fac101fae43d88856d11848eb6d749",
  "pins" : [
    {
      "identity" : "tapyruswalletswift",
      "kind" : "remoteSourceControl",
      "location" : "https://github.com/chaintope/TapyrusWalletSwift",
      "state" : {
        "revision" : "c1a85dfdf6d890c4bb5206a781d44d5a7ba511bf",
        "version" : "0.1.5"
      }
    }
  ],
  "version" : 3
}
